
Microsoft Visual Studio Solution File, Format Version 12.00
# Visual Studio Version 17
VisualStudioVersion = 17.6.33513.286
MinimumVisualStudioVersion = 10.0.40219.1
Project("{9A19103F-16F7-4668-BE54-9A1E7A4F7556}") = "UIScales", "UIScales\UIScales.csproj", "{F7754A48-0055-46E9-9037-9F765087B414}"
	ProjectSection(ProjectDependencies) = postProject
		{A74F4660-5CAC-44E7-8B09-60C53D1CF52B} = {A74F4660-5CAC-44E7-8B09-60C53D1CF52B}
	EndProjectSection
EndProject
Project("{9A19103F-16F7-4668-BE54-9A1E7A4F7556}") = "CheatEnabler", "CheatEnabler\CheatEnabler.csproj", "{82AA2AD4-8264-4400-ACE3-401CE26764A5}"
	ProjectSection(ProjectDependencies) = postProject
		{A74F4660-5CAC-44E7-8B09-60C53D1CF52B} = {A74F4660-5CAC-44E7-8B09-60C53D1CF52B}
	EndProjectSection
EndProject
Project("{9A19103F-16F7-4668-BE54-9A1E7A4F7556}") = "NoTimeForFishing", "NoTimeForFishing\NoTimeForFishing.csproj", "{CCB1B95A-1593-4B13-BEFC-EE95040FFE71}"
	ProjectSection(ProjectDependencies) = postProject
		{A74F4660-5CAC-44E7-8B09-60C53D1CF52B} = {A74F4660-5CAC-44E7-8B09-60C53D1CF52B}
	EndProjectSection
EndProject
Project("{9A19103F-16F7-4668-BE54-9A1E7A4F7556}") = "EasyLiving", "EasyLiving\EasyLiving.csproj", "{56CFC0AD-5AF0-47C4-9F30-9743B8C7A9B4}"
	ProjectSection(ProjectDependencies) = postProject
		{A74F4660-5CAC-44E7-8B09-60C53D1CF52B} = {A74F4660-5CAC-44E7-8B09-60C53D1CF52B}
	EndProjectSection
EndProject
Project("{9A19103F-16F7-4668-BE54-9A1E7A4F7556}") = "KeepAlive", "KeepAlive\KeepAlive.csproj", "{977FB946-2A30-43D8-AE7C-DE76E5C2BBC7}"
	ProjectSection(ProjectDependencies) = postProject
		{A74F4660-5CAC-44E7-8B09-60C53D1CF52B} = {A74F4660-5CAC-44E7-8B09-60C53D1CF52B}
	EndProjectSection
EndProject
Project("{FAE04EC0-301F-11D3-BF4B-00C04F79EFBC}") = "AutoTools", "AutoTools\AutoTools.csproj", "{F18B025C-BA42-45A8-AB8D-2F0467A42944}"
	ProjectSection(ProjectDependencies) = postProject
		{A74F4660-5CAC-44E7-8B09-60C53D1CF52B} = {A74F4660-5CAC-44E7-8B09-60C53D1CF52B}
	EndProjectSection
EndProject
Project("{FAE04EC0-301F-11D3-BF4B-00C04F79EFBC}") = "MuseumSellPriceRedux", "MuseumSellPriceRedux\MuseumSellPriceRedux.csproj", "{0FB260D3-92C5-43D5-B234-6BDBA793EF9C}"
	ProjectSection(ProjectDependencies) = postProject
		{A74F4660-5CAC-44E7-8B09-60C53D1CF52B} = {A74F4660-5CAC-44E7-8B09-60C53D1CF52B}
	EndProjectSection
EndProject
Project("{FAE04EC0-301F-11D3-BF4B-00C04F79EFBC}") = "MoreScythesRedux", "MoreScythesRedux\MoreScythesRedux.csproj", "{15756077-200B-421B-8116-1C8021293792}"
	ProjectSection(ProjectDependencies) = postProject
		{A74F4660-5CAC-44E7-8B09-60C53D1CF52B} = {A74F4660-5CAC-44E7-8B09-60C53D1CF52B}
	EndProjectSection
EndProject
Project("{FAE04EC0-301F-11D3-BF4B-00C04F79EFBC}") = "NoTimeToStopAndEat", "NoTimeToStopAndEat\NoTimeToStopAndEat.csproj", "{991BBE68-47C9-4495-8551-0DDE7F265602}"
	ProjectSection(ProjectDependencies) = postProject
		{A74F4660-5CAC-44E7-8B09-60C53D1CF52B} = {A74F4660-5CAC-44E7-8B09-60C53D1CF52B}
	EndProjectSection
EndProject
Project("{FAE04EC0-301F-11D3-BF4B-00C04F79EFBC}") = "MoreJewelry", "MoreJewelry\MoreJewelry.csproj", "{C99E48B8-0C5B-4E9F-9CAF-3AD9943A3562}"
EndProject
Project("{FAE04EC0-301F-11D3-BF4B-00C04F79EFBC}") = "Shared", "Shared\Shared.csproj", "{A74F4660-5CAC-44E7-8B09-60C53D1CF52B}"
EndProject
Project("{FAE04EC0-301F-11D3-BF4B-00C04F79EFBC}") = "ModMenu", "ModMenu\ModMenu.csproj", "{0F0EC65A-625A-4680-9F5A-9C6519ABD6DB}"
EndProject
Project("{FAE04EC0-301F-11D3-BF4B-00C04F79EFBC}") = "CheatEnablerPatcher", "CheatEnablerPatcher\CheatEnablerPatcher.csproj", "{6D7BD752-2FC8-4C91-9AD3-BA48FF134422}"
EndProject
Project("{FAE04EC0-301F-11D3-BF4B-00C04F79EFBC}") = "CharacterEditRedux", "CharacterEditRedux\CharacterEditRedux.csproj", "{060B202F-EC5A-43D4-957A-1F86DF52EB28}"
	ProjectSection(ProjectDependencies) = postProject
		{A74F4660-5CAC-44E7-8B09-60C53D1CF52B} = {A74F4660-5CAC-44E7-8B09-60C53D1CF52B}
	EndProjectSection
EndProject
Project("{2150E333-8FDC-42A3-9474-1A3956D46DE8}") = "archived", "archived", "{796AB910-C2D0-4D6E-AB56-0BFBF292065E}"
EndProject
Project("{2150E333-8FDC-42A3-9474-1A3956D46DE8}") = "wip", "wip", "{35D0EAFB-7B3D-49FB-8E3F-DA4808DCB1A2}"
EndProject
Project("{2150E333-8FDC-42A3-9474-1A3956D46DE8}") = "needs_fixing", "needs_fixing", "{4A2FDED9-89A7-4E7D-9F4E-126B56204D68}"
EndProject
Project("{FAE04EC0-301F-11D3-BF4B-00C04F79EFBC}") = "MoreTheMerrier", "MoreTheMerrier\MoreTheMerrier.csproj", "{A73D03D5-DCF3-4D7C-A776-BCA3A4297324}"
	ProjectSection(ProjectDependencies) = postProject
		{A74F4660-5CAC-44E7-8B09-60C53D1CF52B} = {A74F4660-5CAC-44E7-8B09-60C53D1CF52B}
	EndProjectSection
EndProject
Global
	GlobalSection(SolutionConfigurationPlatforms) = preSolution
		Debug|Any CPU = Debug|Any CPU
		Release|Any CPU = Release|Any CPU
	EndGlobalSection
	GlobalSection(ProjectConfigurationPlatforms) = postSolution
		{F7754A48-0055-46E9-9037-9F765087B414}.Debug|Any CPU.ActiveCfg = Debug|Any CPU
		{F7754A48-0055-46E9-9037-9F765087B414}.Debug|Any CPU.Build.0 = Debug|Any CPU
		{F7754A48-0055-46E9-9037-9F765087B414}.Release|Any CPU.ActiveCfg = Release|Any CPU
		{F7754A48-0055-46E9-9037-9F765087B414}.Release|Any CPU.Build.0 = Release|Any CPU
		{82AA2AD4-8264-4400-ACE3-401CE26764A5}.Debug|Any CPU.ActiveCfg = Debug|Any CPU
		{82AA2AD4-8264-4400-ACE3-401CE26764A5}.Debug|Any CPU.Build.0 = Debug|Any CPU
		{82AA2AD4-8264-4400-ACE3-401CE26764A5}.Release|Any CPU.ActiveCfg = Release|Any CPU
		{82AA2AD4-8264-4400-ACE3-401CE26764A5}.Release|Any CPU.Build.0 = Release|Any CPU
		{CCB1B95A-1593-4B13-BEFC-EE95040FFE71}.Debug|Any CPU.ActiveCfg = Debug|Any CPU
		{CCB1B95A-1593-4B13-BEFC-EE95040FFE71}.Debug|Any CPU.Build.0 = Debug|Any CPU
		{CCB1B95A-1593-4B13-BEFC-EE95040FFE71}.Release|Any CPU.ActiveCfg = Release|Any CPU
		{CCB1B95A-1593-4B13-BEFC-EE95040FFE71}.Release|Any CPU.Build.0 = Release|Any CPU
		{56CFC0AD-5AF0-47C4-9F30-9743B8C7A9B4}.Debug|Any CPU.ActiveCfg = Debug|Any CPU
		{56CFC0AD-5AF0-47C4-9F30-9743B8C7A9B4}.Debug|Any CPU.Build.0 = Debug|Any CPU
		{56CFC0AD-5AF0-47C4-9F30-9743B8C7A9B4}.Release|Any CPU.ActiveCfg = Release|Any CPU
		{56CFC0AD-5AF0-47C4-9F30-9743B8C7A9B4}.Release|Any CPU.Build.0 = Release|Any CPU
		{977FB946-2A30-43D8-AE7C-DE76E5C2BBC7}.Debug|Any CPU.ActiveCfg = Debug|Any CPU
		{977FB946-2A30-43D8-AE7C-DE76E5C2BBC7}.Debug|Any CPU.Build.0 = Debug|Any CPU
		{977FB946-2A30-43D8-AE7C-DE76E5C2BBC7}.Release|Any CPU.ActiveCfg = Release|Any CPU
		{977FB946-2A30-43D8-AE7C-DE76E5C2BBC7}.Release|Any CPU.Build.0 = Release|Any CPU
		{F18B025C-BA42-45A8-AB8D-2F0467A42944}.Debug|Any CPU.ActiveCfg = Debug|Any CPU
		{F18B025C-BA42-45A8-AB8D-2F0467A42944}.Debug|Any CPU.Build.0 = Debug|Any CPU
		{F18B025C-BA42-45A8-AB8D-2F0467A42944}.Release|Any CPU.ActiveCfg = Release|Any CPU
		{F18B025C-BA42-45A8-AB8D-2F0467A42944}.Release|Any CPU.Build.0 = Release|Any CPU
		{0FB260D3-92C5-43D5-B234-6BDBA793EF9C}.Debug|Any CPU.ActiveCfg = Debug|Any CPU
		{0FB260D3-92C5-43D5-B234-6BDBA793EF9C}.Debug|Any CPU.Build.0 = Debug|Any CPU
		{0FB260D3-92C5-43D5-B234-6BDBA793EF9C}.Release|Any CPU.ActiveCfg = Release|Any CPU
		{0FB260D3-92C5-43D5-B234-6BDBA793EF9C}.Release|Any CPU.Build.0 = Release|Any CPU
		{15756077-200B-421B-8116-1C8021293792}.Debug|Any CPU.ActiveCfg = Debug|Any CPU
		{15756077-200B-421B-8116-1C8021293792}.Debug|Any CPU.Build.0 = Debug|Any CPU
		{15756077-200B-421B-8116-1C8021293792}.Release|Any CPU.ActiveCfg = Release|Any CPU
		{15756077-200B-421B-8116-1C8021293792}.Release|Any CPU.Build.0 = Release|Any CPU
		{991BBE68-47C9-4495-8551-0DDE7F265602}.Debug|Any CPU.ActiveCfg = Debug|Any CPU
		{991BBE68-47C9-4495-8551-0DDE7F265602}.Debug|Any CPU.Build.0 = Debug|Any CPU
		{991BBE68-47C9-4495-8551-0DDE7F265602}.Release|Any CPU.ActiveCfg = Release|Any CPU
		{991BBE68-47C9-4495-8551-0DDE7F265602}.Release|Any CPU.Build.0 = Release|Any CPU
		{C99E48B8-0C5B-4E9F-9CAF-3AD9943A3562}.Debug|Any CPU.ActiveCfg = Debug|Any CPU
		{C99E48B8-0C5B-4E9F-9CAF-3AD9943A3562}.Debug|Any CPU.Build.0 = Debug|Any CPU
		{C99E48B8-0C5B-4E9F-9CAF-3AD9943A3562}.Release|Any CPU.ActiveCfg = Release|Any CPU
		{C99E48B8-0C5B-4E9F-9CAF-3AD9943A3562}.Release|Any CPU.Build.0 = Release|Any CPU
		{A74F4660-5CAC-44E7-8B09-60C53D1CF52B}.Debug|Any CPU.ActiveCfg = Debug|Any CPU
		{A74F4660-5CAC-44E7-8B09-60C53D1CF52B}.Release|Any CPU.ActiveCfg = Release|Any CPU
		{A74F4660-5CAC-44E7-8B09-60C53D1CF52B}.Release|Any CPU.Build.0 = Release|Any CPU
		{A74F4660-5CAC-44E7-8B09-60C53D1CF52B}.Debug|Any CPU.Build.0 = Debug|Any CPU
		{0F0EC65A-625A-4680-9F5A-9C6519ABD6DB}.Debug|Any CPU.ActiveCfg = Debug|Any CPU
		{0F0EC65A-625A-4680-9F5A-9C6519ABD6DB}.Debug|Any CPU.Build.0 = Debug|Any CPU
		{0F0EC65A-625A-4680-9F5A-9C6519ABD6DB}.Release|Any CPU.ActiveCfg = Release|Any CPU
		{0F0EC65A-625A-4680-9F5A-9C6519ABD6DB}.Release|Any CPU.Build.0 = Release|Any CPU
		{6D7BD752-2FC8-4C91-9AD3-BA48FF134422}.Debug|Any CPU.ActiveCfg = Debug|Any CPU
		{6D7BD752-2FC8-4C91-9AD3-BA48FF134422}.Debug|Any CPU.Build.0 = Debug|Any CPU
		{6D7BD752-2FC8-4C91-9AD3-BA48FF134422}.Release|Any CPU.ActiveCfg = Release|Any CPU
		{6D7BD752-2FC8-4C91-9AD3-BA48FF134422}.Release|Any CPU.Build.0 = Release|Any CPU
		{060B202F-EC5A-43D4-957A-1F86DF52EB28}.Debug|Any CPU.ActiveCfg = Debug|Any CPU
		{060B202F-EC5A-43D4-957A-1F86DF52EB28}.Debug|Any CPU.Build.0 = Debug|Any CPU
		{060B202F-EC5A-43D4-957A-1F86DF52EB28}.Release|Any CPU.ActiveCfg = Release|Any CPU
		{060B202F-EC5A-43D4-957A-1F86DF52EB28}.Release|Any CPU.Build.0 = Release|Any CPU
		{A73D03D5-DCF3-4D7C-A776-BCA3A4297324}.Debug|Any CPU.ActiveCfg = Debug|Any CPU
		{A73D03D5-DCF3-4D7C-A776-BCA3A4297324}.Debug|Any CPU.Build.0 = Debug|Any CPU
		{A73D03D5-DCF3-4D7C-A776-BCA3A4297324}.Release|Any CPU.ActiveCfg = Release|Any CPU
		{A73D03D5-DCF3-4D7C-A776-BCA3A4297324}.Release|Any CPU.Build.0 = Release|Any CPU
	EndGlobalSection
	GlobalSection(SolutionProperties) = preSolution
		HideSolutionNode = FALSE
	EndGlobalSection
	GlobalSection(NestedProjects) = preSolution
		{6D7BD752-2FC8-4C91-9AD3-BA48FF134422} = {796AB910-C2D0-4D6E-AB56-0BFBF292065E}
		{0F0EC65A-625A-4680-9F5A-9C6519ABD6DB} = {35D0EAFB-7B3D-49FB-8E3F-DA4808DCB1A2}
		{C99E48B8-0C5B-4E9F-9CAF-3AD9943A3562} = {4A2FDED9-89A7-4E7D-9F4E-126B56204D68}
	EndGlobalSection
EndGlobal
