
Microsoft Visual Studio Solution File, Format Version 12.00
Project("{FAE04EC0-301F-11D3-BF4B-00C04F79EFBC}") = "FarthestFrontier", "FarthestFrontier\FarthestFrontier.csproj", "{858A49B8-4B18-44E0-B567-E2B8A18C927E}"
EndProject
Global
	GlobalSection(SolutionConfigurationPlatforms) = preSolution
		Debug|Any CPU = Debug|Any CPU
		Release|Any CPU = Release|Any CPU
	EndGlobalSection
	GlobalSection(ProjectConfigurationPlatforms) = postSolution
		{858A49B8-4B18-44E0-B567-E2B8A18C927E}.Debug|Any CPU.ActiveCfg = Debug|Any CPU
		{858A49B8-4B18-44E0-B567-E2B8A18C927E}.Debug|Any CPU.Build.0 = Debug|Any CPU
		{858A49B8-4B18-44E0-B567-E2B8A18C927E}.Release|Any CPU.ActiveCfg = Release|Any CPU
		{858A49B8-4B18-44E0-B567-E2B8A18C927E}.Release|Any CPU.Build.0 = Release|Any CPU
	EndGlobalSection
EndGlobal
