
Microsoft Visual Studio Solution File, Format Version 12.00
# Visual Studio Version 17
VisualStudioVersion = 17.3.32505.426
MinimumVisualStudioVersion = 10.0.40219.1
Project("{FAE04EC0-301F-11D3-BF4B-00C04F79EFBC}") = "Exhaust-less", "Exhaustless\Exhaust-less.csproj", "{15FE0965-BCF2-470C-8D0E-616DA7B0F17C}"
EndProject
Project("{FAE04EC0-301F-11D3-BF4B-00C04F79EFBC}") = "SaveNow", "SaveNow\SaveNow.csproj", "{0C0D9B04-E186-4E98-AE03-8771E67D7B82}"
EndProject
Project("{FAE04EC0-301F-11D3-BF4B-00C04F79EFBC}") = "NewGameAtBottom", "NewGameAtBottom\NewGameAtBottom.csproj", "{2084C92A-5D15-44CE-AC53-4C1AC6859E37}"
EndProject
Project("{FAE04EC0-301F-11D3-BF4B-00C04F79EFBC}") = "FogBeGone", "FogBeGone\FogBeGone.csproj", "{C02AE077-D18E-4056-871B-E56E9CA54541}"
EndProject
Project("{FAE04EC0-301F-11D3-BF4B-00C04F79EFBC}") = "UltraWide", "UltraWide\UltraWide.csproj", "{08DA80D4-62AA-4807-8E03-BA8DDED15204}"
EndProject
Project("{FAE04EC0-301F-11D3-BF4B-00C04F79EFBC}") = "TreesNoMore", "TreesNoMore\TreesNoMore.csproj", "{BCABC90B-225B-4851-BDA8-7B49BD486DCF}"
EndProject
Project("{FAE04EC0-301F-11D3-BF4B-00C04F79EFBC}") = "NoTimeForFishing", "NoTimeForFishing\NoTimeForFishing.csproj", "{A09AB5BE-0710-48C1-B998-3BE639BEFACE}"
EndProject
Project("{FAE04EC0-301F-11D3-BF4B-00C04F79EFBC}") = "NoIntros", "NoIntros\NoIntros.csproj", "{407CE45D-C544-41A5-BE88-5B29C576D3D5}"
EndProject
Project("{FAE04EC0-301F-11D3-BF4B-00C04F79EFBC}") = "LargerScale", "LargerScale\LargerScale.csproj", "{7690963B-2079-4C05-BC9E-2AA7C645CC75}"
EndProject
Project("{FAE04EC0-301F-11D3-BF4B-00C04F79EFBC}") = "AutoLootHeavies", "AutoLootHeavies\AutoLootHeavies.csproj", "{29A64431-62AB-48E5-9E66-CD539A9644C9}"
EndProject
Project("{FAE04EC0-301F-11D3-BF4B-00C04F79EFBC}") = "ThoughtfulReminders", "ThoughtfulReminders\ThoughtfulReminders.csproj", "{06E576F1-1CEE-474D-BD23-46F2D33E329D}"
EndProject
Project("{FAE04EC0-301F-11D3-BF4B-00C04F79EFBC}") = "LongerDays", "LongerDays\LongerDays.csproj", "{18E77827-C5C3-43B8-B4A5-957D0EA6B11C}"
EndProject
Project("{FAE04EC0-301F-11D3-BF4B-00C04F79EFBC}") = "QueueEverything", "QueueEverything\QueueEverything.csproj", "{A854673A-0AC4-49CF-A3B8-3FCAEB9DD00F}"
EndProject
Project("{FAE04EC0-301F-11D3-BF4B-00C04F79EFBC}") = "AppleTreesEnhanced", "AppleTreesEnhanced\AppleTreesEnhanced.csproj", "{1673C699-D4E0-41C0-8EA9-249761AD171E}"
EndProject
Project("{FAE04EC0-301F-11D3-BF4B-00C04F79EFBC}") = "MiscBitsAndBobs", "MiscBitsAndBobs\MiscBitsAndBobs.csproj", "{BFDA5D30-E513-42F7-9DEE-84959C58F0BF}"
EndProject
Project("{FAE04EC0-301F-11D3-BF4B-00C04F79EFBC}") = "INeedSticks", "INeedSticks\INeedSticks.csproj", "{D45D7F53-AFC1-4F60-B42B-021C29A0DBA8}"
EndProject
Project("{FAE04EC0-301F-11D3-BF4B-00C04F79EFBC}") = "TheSeedEqualizer", "TheSeedEqualizer\TheSeedEqualizer.csproj", "{A9F6B25C-C915-43BD-A747-EB276220CBF6}"
EndProject
Project("{FAE04EC0-301F-11D3-BF4B-00C04F79EFBC}") = "WheresMaPoints", "WheresMaPoints\WheresMaPoints.csproj", "{F602AE85-867C-4839-B4F0-712C8E9F46E5}"
EndProject
Project("{FAE04EC0-301F-11D3-BF4B-00C04F79EFBC}") = "PrayTheDayAway", "PrayTheDayAway\PrayTheDayAway.csproj", "{50DB929B-E564-45B9-B18F-B0240EC47319}"
EndProject
Project("{FAE04EC0-301F-11D3-BF4B-00C04F79EFBC}") = "BringOutYerDead", "BringOutYerDead\BringOutYerDead.csproj", "{07F8A9C9-455E-457C-A25F-5929C48E10DF}"
EndProject
Project("{FAE04EC0-301F-11D3-BF4B-00C04F79EFBC}") = "GerryFixer", "GerryFixer\GerryFixer.csproj", "{98F283C7-E431-4D50-B3A7-87DCAF245799}"
EndProject
Project("{FAE04EC0-301F-11D3-BF4B-00C04F79EFBC}") = "WheresMaVeggies", "WheresMaVeggies\WheresMaVeggies.csproj", "{278B7982-C2EE-4EB1-9488-A9D24DA9462E}"
EndProject
Project("{FAE04EC0-301F-11D3-BF4B-00C04F79EFBC}") = "NamelessFasterTimeMod", "NamelessFasterTimeMod\NamelessFasterTimeMod.csproj", "{8A650A82-1824-4C67-81F2-C2BD9C58253F}"
EndProject
Project("{2150E333-8FDC-42A3-9474-1A3956D46DE8}") = "libs", "libs", "{A58B39AC-A468-4A2D-9E7D-9931501877AD}"
	ProjectSection(SolutionItems) = preProject
		libs\0Harmony.dll = libs\0Harmony.dll
		libs\0Harmony.xml = libs\0Harmony.xml
		libs\Assembly-CSharp-firstpass.dll = libs\Assembly-CSharp-firstpass.dll
		libs\Assembly-CSharp.dll = libs\Assembly-CSharp.dll
		libs\Rewired_Core.dll = libs\Rewired_Core.dll
		libs\Rewired_Windows_Lib.dll = libs\Rewired_Windows_Lib.dll
		libs\UnityEngine.CoreModule.dll = libs\UnityEngine.CoreModule.dll
		libs\UnityEngine.InputLegacyModule.dll = libs\UnityEngine.InputLegacyModule.dll
		libs\UnityEngine.InputModule.dll = libs\UnityEngine.InputModule.dll
		libs\Accessibility.dll = libs\Accessibility.dll
		libs\AmplifyColor.dll = libs\AmplifyColor.dll
		libs\com.unity.multiplayer-hlapi.Runtime.dll = libs\com.unity.multiplayer-hlapi.Runtime.dll
		libs\DotNetZip.dll = libs\DotNetZip.dll
		libs\DOTween.dll = libs\DOTween.dll
		libs\DOTween43.dll = libs\DOTween43.dll
		libs\DOTween46.dll = libs\DOTween46.dll
		libs\DOTween50.dll = libs\DOTween50.dll
		libs\LinqTools.dll = libs\LinqTools.dll
		libs\LitJson.dll = libs\LitJson.dll
		libs\MaxButton.dll = libs\MaxButton.dll
		libs\Microsoft.Bcl.AsyncInterfaces.dll = libs\Microsoft.Bcl.AsyncInterfaces.dll
		libs\Mono.Cecil.dll = libs\Mono.Cecil.dll
		libs\Mono.Cecil.Inject.dll = libs\Mono.Cecil.Inject.dll
		libs\Mono.Data.Sqlite.dll = libs\Mono.Data.Sqlite.dll
		libs\Mono.Posix.dll = libs\Mono.Posix.dll
		libs\Mono.Security.dll = libs\Mono.Security.dll
		libs\Mono.WebBrowser.dll = libs\Mono.WebBrowser.dll
		libs\mscorlib.dll = libs\mscorlib.dll
		libs\netstandard.dll = libs\netstandard.dll
		libs\Newtonsoft.Json.dll = libs\Newtonsoft.Json.dll
		libs\Novell.Directory.Ldap.dll = libs\Novell.Directory.Ldap.dll
		libs\Pathfinding.ClipperLib.dll = libs\Pathfinding.ClipperLib.dll
		libs\Pathfinding.Ionic.Zip.Reduced.dll = libs\Pathfinding.Ionic.Zip.Reduced.dll
		libs\Pathfinding.Poly2Tri.dll = libs\Pathfinding.Poly2Tri.dll
		libs\Purchasing.Common.dll = libs\Purchasing.Common.dll
		libs\QModReloaded.dll = libs\QModReloaded.dll
		libs\Sirenix.OdinInspector.Attributes.dll = libs\Sirenix.OdinInspector.Attributes.dll
		libs\Sirenix.OdinInspector.CompatibilityLayer.dll = libs\Sirenix.OdinInspector.CompatibilityLayer.dll
		libs\Sirenix.Serialization.Config.dll = libs\Sirenix.Serialization.Config.dll
		libs\Sirenix.Serialization.dll = libs\Sirenix.Serialization.dll
		libs\Sirenix.Utilities.dll = libs\Sirenix.Utilities.dll
		libs\SmartBearAssembly.dll = libs\SmartBearAssembly.dll
		libs\Unity.Analytics.DataPrivacy.dll = libs\Unity.Analytics.DataPrivacy.dll
		libs\Unity.TextMeshPro.dll = libs\Unity.TextMeshPro.dll
		libs\Unity.Timeline.dll = libs\Unity.Timeline.dll
		libs\UnityEngine.AccessibilityModule.dll = libs\UnityEngine.AccessibilityModule.dll
		libs\UnityEngine.Advertisements.dll = libs\UnityEngine.Advertisements.dll
		libs\UnityEngine.AIModule.dll = libs\UnityEngine.AIModule.dll
		libs\UnityEngine.AndroidJNIModule.dll = libs\UnityEngine.AndroidJNIModule.dll
		libs\UnityEngine.AnimationModule.dll = libs\UnityEngine.AnimationModule.dll
		libs\UnityEngine.ARModule.dll = libs\UnityEngine.ARModule.dll
		libs\UnityEngine.AssetBundleModule.dll = libs\UnityEngine.AssetBundleModule.dll
		libs\UnityEngine.AudioModule.dll = libs\UnityEngine.AudioModule.dll
		libs\UnityEngine.ClothModule.dll = libs\UnityEngine.ClothModule.dll
		libs\UnityEngine.ClusterInputModule.dll = libs\UnityEngine.ClusterInputModule.dll
		libs\UnityEngine.ClusterRendererModule.dll = libs\UnityEngine.ClusterRendererModule.dll
		libs\UnityEngine.CrashReportingModule.dll = libs\UnityEngine.CrashReportingModule.dll
		libs\UnityEngine.DirectorModule.dll = libs\UnityEngine.DirectorModule.dll
		libs\UnityEngine.dll = libs\UnityEngine.dll
		libs\UnityEngine.DSPGraphModule.dll = libs\UnityEngine.DSPGraphModule.dll
		libs\UnityEngine.GameCenterModule.dll = libs\UnityEngine.GameCenterModule.dll
		libs\UnityEngine.GIModule.dll = libs\UnityEngine.GIModule.dll
		libs\UnityEngine.GridModule.dll = libs\UnityEngine.GridModule.dll
		libs\UnityEngine.HotReloadModule.dll = libs\UnityEngine.HotReloadModule.dll
		libs\UnityEngine.ImageConversionModule.dll = libs\UnityEngine.ImageConversionModule.dll
		libs\UnityEngine.IMGUIModule.dll = libs\UnityEngine.IMGUIModule.dll
		libs\UnityEngine.JSONSerializeModule.dll = libs\UnityEngine.JSONSerializeModule.dll
		libs\UnityEngine.LocalizationModule.dll = libs\UnityEngine.LocalizationModule.dll
		libs\UnityEngine.Monetization.dll = libs\UnityEngine.Monetization.dll
		libs\UnityEngine.ParticleSystemModule.dll = libs\UnityEngine.ParticleSystemModule.dll
		libs\UnityEngine.PerformanceReportingModule.dll = libs\UnityEngine.PerformanceReportingModule.dll
		libs\UnityEngine.Physics2DModule.dll = libs\UnityEngine.Physics2DModule.dll
		libs\UnityEngine.PhysicsModule.dll = libs\UnityEngine.PhysicsModule.dll
		libs\UnityEngine.ProfilerModule.dll = libs\UnityEngine.ProfilerModule.dll
		libs\UnityEngine.Purchasing.AppleCore.dll = libs\UnityEngine.Purchasing.AppleCore.dll
		libs\UnityEngine.Purchasing.AppleMacosStub.dll = libs\UnityEngine.Purchasing.AppleMacosStub.dll
		libs\UnityEngine.Purchasing.AppleStub.dll = libs\UnityEngine.Purchasing.AppleStub.dll
		libs\UnityEngine.Purchasing.Codeless.dll = libs\UnityEngine.Purchasing.Codeless.dll
		libs\UnityEngine.Purchasing.dll = libs\UnityEngine.Purchasing.dll
		libs\UnityEngine.Purchasing.SecurityCore.dll = libs\UnityEngine.Purchasing.SecurityCore.dll
		libs\UnityEngine.Purchasing.SecurityStub.dll = libs\UnityEngine.Purchasing.SecurityStub.dll
		libs\UnityEngine.Purchasing.Stores.dll = libs\UnityEngine.Purchasing.Stores.dll
		libs\UnityEngine.Purchasing.WinRTCore.dll = libs\UnityEngine.Purchasing.WinRTCore.dll
		libs\UnityEngine.Purchasing.WinRTStub.dll = libs\UnityEngine.Purchasing.WinRTStub.dll
		libs\UnityEngine.RuntimeInitializeOnLoadManagerInitializerModule.dll = libs\UnityEngine.RuntimeInitializeOnLoadManagerInitializerModule.dll
		libs\UnityEngine.ScreenCaptureModule.dll = libs\UnityEngine.ScreenCaptureModule.dll
		libs\UnityEngine.SharedInternalsModule.dll = libs\UnityEngine.SharedInternalsModule.dll
		libs\UnityEngine.SpatialTracking.dll = libs\UnityEngine.SpatialTracking.dll
		libs\UnityEngine.SpriteMaskModule.dll = libs\UnityEngine.SpriteMaskModule.dll
		libs\UnityEngine.SpriteShapeModule.dll = libs\UnityEngine.SpriteShapeModule.dll
		libs\UnityEngine.StreamingModule.dll = libs\UnityEngine.StreamingModule.dll
		libs\UnityEngine.SubstanceModule.dll = libs\UnityEngine.SubstanceModule.dll
		libs\UnityEngine.SubsystemsModule.dll = libs\UnityEngine.SubsystemsModule.dll
		libs\UnityEngine.TerrainModule.dll = libs\UnityEngine.TerrainModule.dll
		libs\UnityEngine.TerrainPhysicsModule.dll = libs\UnityEngine.TerrainPhysicsModule.dll
		libs\UnityEngine.TextCoreModule.dll = libs\UnityEngine.TextCoreModule.dll
		libs\UnityEngine.TextRenderingModule.dll = libs\UnityEngine.TextRenderingModule.dll
		libs\UnityEngine.TilemapModule.dll = libs\UnityEngine.TilemapModule.dll
		libs\UnityEngine.TLSModule.dll = libs\UnityEngine.TLSModule.dll
		libs\UnityEngine.UI.dll = libs\UnityEngine.UI.dll
		libs\UnityEngine.UIElementsModule.dll = libs\UnityEngine.UIElementsModule.dll
		libs\UnityEngine.UIElementsNativeModule.dll = libs\UnityEngine.UIElementsNativeModule.dll
		libs\UnityEngine.UIModule.dll = libs\UnityEngine.UIModule.dll
		libs\UnityEngine.UmbraModule.dll = libs\UnityEngine.UmbraModule.dll
		libs\UnityEngine.UNETModule.dll = libs\UnityEngine.UNETModule.dll
		libs\UnityEngine.UnityAnalyticsModule.dll = libs\UnityEngine.UnityAnalyticsModule.dll
		libs\UnityEngine.UnityConnectModule.dll = libs\UnityEngine.UnityConnectModule.dll
		libs\UnityEngine.UnityCurlModule.dll = libs\UnityEngine.UnityCurlModule.dll
		libs\UnityEngine.UnityTestProtocolModule.dll = libs\UnityEngine.UnityTestProtocolModule.dll
		libs\UnityEngine.UnityWebRequestAssetBundleModule.dll = libs\UnityEngine.UnityWebRequestAssetBundleModule.dll
		libs\UnityEngine.UnityWebRequestAudioModule.dll = libs\UnityEngine.UnityWebRequestAudioModule.dll
		libs\UnityEngine.UnityWebRequestModule.dll = libs\UnityEngine.UnityWebRequestModule.dll
		libs\UnityEngine.UnityWebRequestTextureModule.dll = libs\UnityEngine.UnityWebRequestTextureModule.dll
		libs\UnityEngine.UnityWebRequestWWWModule.dll = libs\UnityEngine.UnityWebRequestWWWModule.dll
		libs\UnityEngine.VehiclesModule.dll = libs\UnityEngine.VehiclesModule.dll
		libs\UnityEngine.VFXModule.dll = libs\UnityEngine.VFXModule.dll
		libs\UnityEngine.VideoModule.dll = libs\UnityEngine.VideoModule.dll
		libs\UnityEngine.VirtualTexturingModule.dll = libs\UnityEngine.VirtualTexturingModule.dll
		libs\UnityEngine.VRModule.dll = libs\UnityEngine.VRModule.dll
		libs\UnityEngine.WindModule.dll = libs\UnityEngine.WindModule.dll
		libs\UnityEngine.XR.LegacyInputHelpers.dll = libs\UnityEngine.XR.LegacyInputHelpers.dll
		libs\UnityEngine.XRModule.dll = libs\UnityEngine.XRModule.dll
		libs\websocket-sharp.dll = libs\websocket-sharp.dll
	EndProjectSection
EndProject
Project("{FAE04EC0-301F-11D3-BF4B-00C04F79EFBC}") = "AddStraightToTable", "AddStraightToTable\AddStraightToTable.csproj", "{2A226EA2-0839-4FF6-8438-697D3CC83EBF}"
EndProject
Project("{FAE04EC0-301F-11D3-BF4B-00C04F79EFBC}") = "IBuildWhereIWant", "IBuildWhereIWant\IBuildWhereIWant.csproj", "{7AA09579-E618-4333-B4AF-A95C6715A673}"
EndProject
Project("{FAE04EC0-301F-11D3-BF4B-00C04F79EFBC}") = "MaxButtonControllerSupport", "MaxButtonControllerSupport\MaxButtonControllerSupport.csproj", "{BB0847D0-DB7F-44EE-A9D2-45533F03206F}"
EndProject
Project("{FAE04EC0-301F-11D3-BF4B-00C04F79EFBC}") = "QModHelper", "Helper\QModHelper.csproj", "{17E3EEAA-86D5-4737-BC62-BB6DD43F0FEE}"
EndProject
Project("{FAE04EC0-301F-11D3-BF4B-00C04F79EFBC}") = "BeamMeUpGerry", "BeamMeUpGerry\BeamMeUpGerry.csproj", "{4C76C274-5207-4C2E-9DB0-2E69ABA7ED9B}"
EndProject
Project("{2150E333-8FDC-42A3-9474-1A3956D46DE8}") = "Solution Items", "Solution Items", "{40B250ED-4247-485F-A2A9-6459A545CDD7}"
	ProjectSection(SolutionItems) = preProject
		ButtonMappings.txt = ButtonMappings.txt
		Directory.Build.props = Directory.Build.props
	EndProjectSection
EndProject
Project("{FAE04EC0-301F-11D3-BF4B-00C04F79EFBC}") = "WheresMaStorage", "WheresMaStorage\WheresMaStorage.csproj", "{24C8C61B-50FE-4814-9146-C59875A99CCF}"
EndProject
Project("{FAE04EC0-301F-11D3-BF4B-00C04F79EFBC}") = "GerrysJunkTrunk", "GerrysJunkTrunk\GerrysJunkTrunk.csproj", "{59844D78-0F3A-4E2F-A66B-19B262ED3026}"
EndProject
Project("{FAE04EC0-301F-11D3-BF4B-00C04F79EFBC}") = "FasterCraftReloaded", "FasterCraftReloaded\FasterCraftReloaded.csproj", "{23E99E91-DC6C-4FAC-920B-F5DB145B81E6}"
EndProject
Project("{FAE04EC0-301F-11D3-BF4B-00C04F79EFBC}") = "RegenerationReloaded", "RegenerationReloaded\RegenerationReloaded.csproj", "{AF7261B4-4ECC-44B9-AE26-DF0174A58EB8}"
EndProject
Project("{FAE04EC0-301F-11D3-BF4B-00C04F79EFBC}") = "EconomyReloaded", "EconomyReloaded\EconomyReloaded.csproj", "{B846B133-1DEC-4914-A0ED-7F16CB683F79}"
EndProject
Project("{FAE04EC0-301F-11D3-BF4B-00C04F79EFBC}") = "GiveMeMoar", "GiveMeMoar\GiveMeMoar.csproj", "{92EC5055-76E8-484D-8E09-6292FDA083A1}"
EndProject
Global
	GlobalSection(SolutionConfigurationPlatforms) = preSolution
		Debug|Any CPU = Debug|Any CPU
		Release|Any CPU = Release|Any CPU
	EndGlobalSection
	GlobalSection(ProjectConfigurationPlatforms) = postSolution
		{15FE0965-BCF2-470C-8D0E-616DA7B0F17C}.Debug|Any CPU.ActiveCfg = Debug|Any CPU
		{15FE0965-BCF2-470C-8D0E-616DA7B0F17C}.Debug|Any CPU.Build.0 = Debug|Any CPU
		{15FE0965-BCF2-470C-8D0E-616DA7B0F17C}.Release|Any CPU.ActiveCfg = Release|Any CPU
		{15FE0965-BCF2-470C-8D0E-616DA7B0F17C}.Release|Any CPU.Build.0 = Release|Any CPU
		{0C0D9B04-E186-4E98-AE03-8771E67D7B82}.Debug|Any CPU.ActiveCfg = Debug|Any CPU
		{0C0D9B04-E186-4E98-AE03-8771E67D7B82}.Debug|Any CPU.Build.0 = Debug|Any CPU
		{0C0D9B04-E186-4E98-AE03-8771E67D7B82}.Release|Any CPU.ActiveCfg = Release|Any CPU
		{0C0D9B04-E186-4E98-AE03-8771E67D7B82}.Release|Any CPU.Build.0 = Release|Any CPU
		{2084C92A-5D15-44CE-AC53-4C1AC6859E37}.Debug|Any CPU.ActiveCfg = Debug|Any CPU
		{2084C92A-5D15-44CE-AC53-4C1AC6859E37}.Debug|Any CPU.Build.0 = Debug|Any CPU
		{2084C92A-5D15-44CE-AC53-4C1AC6859E37}.Release|Any CPU.ActiveCfg = Release|Any CPU
		{2084C92A-5D15-44CE-AC53-4C1AC6859E37}.Release|Any CPU.Build.0 = Release|Any CPU
		{C02AE077-D18E-4056-871B-E56E9CA54541}.Debug|Any CPU.ActiveCfg = Debug|Any CPU
		{C02AE077-D18E-4056-871B-E56E9CA54541}.Debug|Any CPU.Build.0 = Debug|Any CPU
		{C02AE077-D18E-4056-871B-E56E9CA54541}.Release|Any CPU.ActiveCfg = Release|Any CPU
		{C02AE077-D18E-4056-871B-E56E9CA54541}.Release|Any CPU.Build.0 = Release|Any CPU
		{08DA80D4-62AA-4807-8E03-BA8DDED15204}.Debug|Any CPU.ActiveCfg = Debug|Any CPU
		{08DA80D4-62AA-4807-8E03-BA8DDED15204}.Debug|Any CPU.Build.0 = Debug|Any CPU
		{08DA80D4-62AA-4807-8E03-BA8DDED15204}.Release|Any CPU.ActiveCfg = Release|Any CPU
		{08DA80D4-62AA-4807-8E03-BA8DDED15204}.Release|Any CPU.Build.0 = Release|Any CPU
		{BCABC90B-225B-4851-BDA8-7B49BD486DCF}.Debug|Any CPU.ActiveCfg = Debug|Any CPU
		{BCABC90B-225B-4851-BDA8-7B49BD486DCF}.Debug|Any CPU.Build.0 = Debug|Any CPU
		{BCABC90B-225B-4851-BDA8-7B49BD486DCF}.Release|Any CPU.ActiveCfg = Release|Any CPU
		{BCABC90B-225B-4851-BDA8-7B49BD486DCF}.Release|Any CPU.Build.0 = Release|Any CPU
		{A09AB5BE-0710-48C1-B998-3BE639BEFACE}.Debug|Any CPU.ActiveCfg = Debug|Any CPU
		{A09AB5BE-0710-48C1-B998-3BE639BEFACE}.Debug|Any CPU.Build.0 = Debug|Any CPU
		{A09AB5BE-0710-48C1-B998-3BE639BEFACE}.Release|Any CPU.ActiveCfg = Release|Any CPU
		{A09AB5BE-0710-48C1-B998-3BE639BEFACE}.Release|Any CPU.Build.0 = Release|Any CPU
		{407CE45D-C544-41A5-BE88-5B29C576D3D5}.Debug|Any CPU.ActiveCfg = Debug|Any CPU
		{407CE45D-C544-41A5-BE88-5B29C576D3D5}.Debug|Any CPU.Build.0 = Debug|Any CPU
		{407CE45D-C544-41A5-BE88-5B29C576D3D5}.Release|Any CPU.ActiveCfg = Release|Any CPU
		{407CE45D-C544-41A5-BE88-5B29C576D3D5}.Release|Any CPU.Build.0 = Release|Any CPU
		{7690963B-2079-4C05-BC9E-2AA7C645CC75}.Debug|Any CPU.ActiveCfg = Debug|Any CPU
		{7690963B-2079-4C05-BC9E-2AA7C645CC75}.Debug|Any CPU.Build.0 = Debug|Any CPU
		{7690963B-2079-4C05-BC9E-2AA7C645CC75}.Release|Any CPU.ActiveCfg = Release|Any CPU
		{7690963B-2079-4C05-BC9E-2AA7C645CC75}.Release|Any CPU.Build.0 = Release|Any CPU
		{29A64431-62AB-48E5-9E66-CD539A9644C9}.Debug|Any CPU.ActiveCfg = Debug|Any CPU
		{29A64431-62AB-48E5-9E66-CD539A9644C9}.Debug|Any CPU.Build.0 = Debug|Any CPU
		{29A64431-62AB-48E5-9E66-CD539A9644C9}.Release|Any CPU.ActiveCfg = Release|Any CPU
		{29A64431-62AB-48E5-9E66-CD539A9644C9}.Release|Any CPU.Build.0 = Release|Any CPU
		{06E576F1-1CEE-474D-BD23-46F2D33E329D}.Debug|Any CPU.ActiveCfg = Debug|Any CPU
		{06E576F1-1CEE-474D-BD23-46F2D33E329D}.Debug|Any CPU.Build.0 = Debug|Any CPU
		{06E576F1-1CEE-474D-BD23-46F2D33E329D}.Release|Any CPU.ActiveCfg = Release|Any CPU
		{06E576F1-1CEE-474D-BD23-46F2D33E329D}.Release|Any CPU.Build.0 = Release|Any CPU
		{18E77827-C5C3-43B8-B4A5-957D0EA6B11C}.Debug|Any CPU.ActiveCfg = Debug|Any CPU
		{18E77827-C5C3-43B8-B4A5-957D0EA6B11C}.Debug|Any CPU.Build.0 = Debug|Any CPU
		{18E77827-C5C3-43B8-B4A5-957D0EA6B11C}.Release|Any CPU.ActiveCfg = Release|Any CPU
		{18E77827-C5C3-43B8-B4A5-957D0EA6B11C}.Release|Any CPU.Build.0 = Release|Any CPU
		{A854673A-0AC4-49CF-A3B8-3FCAEB9DD00F}.Debug|Any CPU.ActiveCfg = Debug|Any CPU
		{A854673A-0AC4-49CF-A3B8-3FCAEB9DD00F}.Debug|Any CPU.Build.0 = Debug|Any CPU
		{A854673A-0AC4-49CF-A3B8-3FCAEB9DD00F}.Release|Any CPU.ActiveCfg = Release|Any CPU
		{A854673A-0AC4-49CF-A3B8-3FCAEB9DD00F}.Release|Any CPU.Build.0 = Release|Any CPU
		{1673C699-D4E0-41C0-8EA9-249761AD171E}.Debug|Any CPU.ActiveCfg = Debug|Any CPU
		{1673C699-D4E0-41C0-8EA9-249761AD171E}.Debug|Any CPU.Build.0 = Debug|Any CPU
		{1673C699-D4E0-41C0-8EA9-249761AD171E}.Release|Any CPU.ActiveCfg = Release|Any CPU
		{1673C699-D4E0-41C0-8EA9-249761AD171E}.Release|Any CPU.Build.0 = Release|Any CPU
		{BFDA5D30-E513-42F7-9DEE-84959C58F0BF}.Debug|Any CPU.ActiveCfg = Debug|Any CPU
		{BFDA5D30-E513-42F7-9DEE-84959C58F0BF}.Debug|Any CPU.Build.0 = Debug|Any CPU
		{BFDA5D30-E513-42F7-9DEE-84959C58F0BF}.Release|Any CPU.ActiveCfg = Release|Any CPU
		{BFDA5D30-E513-42F7-9DEE-84959C58F0BF}.Release|Any CPU.Build.0 = Release|Any CPU
		{D45D7F53-AFC1-4F60-B42B-021C29A0DBA8}.Debug|Any CPU.ActiveCfg = Debug|Any CPU
		{D45D7F53-AFC1-4F60-B42B-021C29A0DBA8}.Debug|Any CPU.Build.0 = Debug|Any CPU
		{D45D7F53-AFC1-4F60-B42B-021C29A0DBA8}.Release|Any CPU.ActiveCfg = Release|Any CPU
		{D45D7F53-AFC1-4F60-B42B-021C29A0DBA8}.Release|Any CPU.Build.0 = Release|Any CPU
		{A9F6B25C-C915-43BD-A747-EB276220CBF6}.Debug|Any CPU.ActiveCfg = Debug|Any CPU
		{A9F6B25C-C915-43BD-A747-EB276220CBF6}.Debug|Any CPU.Build.0 = Debug|Any CPU
		{A9F6B25C-C915-43BD-A747-EB276220CBF6}.Release|Any CPU.ActiveCfg = Release|Any CPU
		{A9F6B25C-C915-43BD-A747-EB276220CBF6}.Release|Any CPU.Build.0 = Release|Any CPU
		{F602AE85-867C-4839-B4F0-712C8E9F46E5}.Debug|Any CPU.ActiveCfg = Debug|Any CPU
		{F602AE85-867C-4839-B4F0-712C8E9F46E5}.Debug|Any CPU.Build.0 = Debug|Any CPU
		{F602AE85-867C-4839-B4F0-712C8E9F46E5}.Release|Any CPU.ActiveCfg = Release|Any CPU
		{F602AE85-867C-4839-B4F0-712C8E9F46E5}.Release|Any CPU.Build.0 = Release|Any CPU
		{50DB929B-E564-45B9-B18F-B0240EC47319}.Debug|Any CPU.ActiveCfg = Debug|Any CPU
		{50DB929B-E564-45B9-B18F-B0240EC47319}.Debug|Any CPU.Build.0 = Debug|Any CPU
		{50DB929B-E564-45B9-B18F-B0240EC47319}.Release|Any CPU.ActiveCfg = Release|Any CPU
		{50DB929B-E564-45B9-B18F-B0240EC47319}.Release|Any CPU.Build.0 = Release|Any CPU
		{07F8A9C9-455E-457C-A25F-5929C48E10DF}.Debug|Any CPU.ActiveCfg = Debug|Any CPU
		{07F8A9C9-455E-457C-A25F-5929C48E10DF}.Debug|Any CPU.Build.0 = Debug|Any CPU
		{07F8A9C9-455E-457C-A25F-5929C48E10DF}.Release|Any CPU.ActiveCfg = Release|Any CPU
		{07F8A9C9-455E-457C-A25F-5929C48E10DF}.Release|Any CPU.Build.0 = Release|Any CPU
		{98F283C7-E431-4D50-B3A7-87DCAF245799}.Debug|Any CPU.ActiveCfg = Debug|Any CPU
		{98F283C7-E431-4D50-B3A7-87DCAF245799}.Debug|Any CPU.Build.0 = Debug|Any CPU
		{98F283C7-E431-4D50-B3A7-87DCAF245799}.Release|Any CPU.ActiveCfg = Release|Any CPU
		{98F283C7-E431-4D50-B3A7-87DCAF245799}.Release|Any CPU.Build.0 = Release|Any CPU
		{278B7982-C2EE-4EB1-9488-A9D24DA9462E}.Debug|Any CPU.ActiveCfg = Debug|Any CPU
		{278B7982-C2EE-4EB1-9488-A9D24DA9462E}.Debug|Any CPU.Build.0 = Debug|Any CPU
		{278B7982-C2EE-4EB1-9488-A9D24DA9462E}.Release|Any CPU.ActiveCfg = Release|Any CPU
		{278B7982-C2EE-4EB1-9488-A9D24DA9462E}.Release|Any CPU.Build.0 = Release|Any CPU
		{8A650A82-1824-4C67-81F2-C2BD9C58253F}.Debug|Any CPU.ActiveCfg = Debug|Any CPU
		{8A650A82-1824-4C67-81F2-C2BD9C58253F}.Debug|Any CPU.Build.0 = Debug|Any CPU
		{8A650A82-1824-4C67-81F2-C2BD9C58253F}.Release|Any CPU.ActiveCfg = Release|Any CPU
		{8A650A82-1824-4C67-81F2-C2BD9C58253F}.Release|Any CPU.Build.0 = Release|Any CPU
		{2A226EA2-0839-4FF6-8438-697D3CC83EBF}.Debug|Any CPU.ActiveCfg = Debug|Any CPU
		{2A226EA2-0839-4FF6-8438-697D3CC83EBF}.Debug|Any CPU.Build.0 = Debug|Any CPU
		{2A226EA2-0839-4FF6-8438-697D3CC83EBF}.Release|Any CPU.ActiveCfg = Release|Any CPU
		{2A226EA2-0839-4FF6-8438-697D3CC83EBF}.Release|Any CPU.Build.0 = Release|Any CPU
		{7AA09579-E618-4333-B4AF-A95C6715A673}.Debug|Any CPU.ActiveCfg = Debug|Any CPU
		{7AA09579-E618-4333-B4AF-A95C6715A673}.Debug|Any CPU.Build.0 = Debug|Any CPU
		{7AA09579-E618-4333-B4AF-A95C6715A673}.Release|Any CPU.ActiveCfg = Release|Any CPU
		{7AA09579-E618-4333-B4AF-A95C6715A673}.Release|Any CPU.Build.0 = Release|Any CPU
		{BB0847D0-DB7F-44EE-A9D2-45533F03206F}.Debug|Any CPU.ActiveCfg = Debug|Any CPU
		{BB0847D0-DB7F-44EE-A9D2-45533F03206F}.Debug|Any CPU.Build.0 = Debug|Any CPU
		{BB0847D0-DB7F-44EE-A9D2-45533F03206F}.Release|Any CPU.ActiveCfg = Release|Any CPU
		{BB0847D0-DB7F-44EE-A9D2-45533F03206F}.Release|Any CPU.Build.0 = Release|Any CPU
		{17E3EEAA-86D5-4737-BC62-BB6DD43F0FEE}.Debug|Any CPU.ActiveCfg = Debug|Any CPU
		{17E3EEAA-86D5-4737-BC62-BB6DD43F0FEE}.Debug|Any CPU.Build.0 = Debug|Any CPU
		{17E3EEAA-86D5-4737-BC62-BB6DD43F0FEE}.Release|Any CPU.ActiveCfg = Release|Any CPU
		{17E3EEAA-86D5-4737-BC62-BB6DD43F0FEE}.Release|Any CPU.Build.0 = Release|Any CPU
		{4C76C274-5207-4C2E-9DB0-2E69ABA7ED9B}.Debug|Any CPU.ActiveCfg = Debug|Any CPU
		{4C76C274-5207-4C2E-9DB0-2E69ABA7ED9B}.Debug|Any CPU.Build.0 = Debug|Any CPU
		{4C76C274-5207-4C2E-9DB0-2E69ABA7ED9B}.Release|Any CPU.ActiveCfg = Release|Any CPU
		{4C76C274-5207-4C2E-9DB0-2E69ABA7ED9B}.Release|Any CPU.Build.0 = Release|Any CPU
		{24C8C61B-50FE-4814-9146-C59875A99CCF}.Debug|Any CPU.ActiveCfg = Debug|Any CPU
		{24C8C61B-50FE-4814-9146-C59875A99CCF}.Debug|Any CPU.Build.0 = Debug|Any CPU
		{24C8C61B-50FE-4814-9146-C59875A99CCF}.Release|Any CPU.ActiveCfg = Release|Any CPU
		{24C8C61B-50FE-4814-9146-C59875A99CCF}.Release|Any CPU.Build.0 = Release|Any CPU
		{59844D78-0F3A-4E2F-A66B-19B262ED3026}.Debug|Any CPU.ActiveCfg = Debug|Any CPU
		{59844D78-0F3A-4E2F-A66B-19B262ED3026}.Debug|Any CPU.Build.0 = Debug|Any CPU
		{59844D78-0F3A-4E2F-A66B-19B262ED3026}.Release|Any CPU.ActiveCfg = Release|Any CPU
		{59844D78-0F3A-4E2F-A66B-19B262ED3026}.Release|Any CPU.Build.0 = Release|Any CPU
		{23E99E91-DC6C-4FAC-920B-F5DB145B81E6}.Debug|Any CPU.ActiveCfg = Debug|Any CPU
		{23E99E91-DC6C-4FAC-920B-F5DB145B81E6}.Debug|Any CPU.Build.0 = Debug|Any CPU
		{23E99E91-DC6C-4FAC-920B-F5DB145B81E6}.Release|Any CPU.ActiveCfg = Release|Any CPU
		{23E99E91-DC6C-4FAC-920B-F5DB145B81E6}.Release|Any CPU.Build.0 = Release|Any CPU
		{AF7261B4-4ECC-44B9-AE26-DF0174A58EB8}.Debug|Any CPU.ActiveCfg = Debug|Any CPU
		{AF7261B4-4ECC-44B9-AE26-DF0174A58EB8}.Debug|Any CPU.Build.0 = Debug|Any CPU
		{AF7261B4-4ECC-44B9-AE26-DF0174A58EB8}.Release|Any CPU.ActiveCfg = Release|Any CPU
		{AF7261B4-4ECC-44B9-AE26-DF0174A58EB8}.Release|Any CPU.Build.0 = Release|Any CPU
		{B846B133-1DEC-4914-A0ED-7F16CB683F79}.Debug|Any CPU.ActiveCfg = Debug|Any CPU
		{B846B133-1DEC-4914-A0ED-7F16CB683F79}.Debug|Any CPU.Build.0 = Debug|Any CPU
		{B846B133-1DEC-4914-A0ED-7F16CB683F79}.Release|Any CPU.ActiveCfg = Release|Any CPU
		{B846B133-1DEC-4914-A0ED-7F16CB683F79}.Release|Any CPU.Build.0 = Release|Any CPU
		{92EC5055-76E8-484D-8E09-6292FDA083A1}.Debug|Any CPU.ActiveCfg = Debug|Any CPU
		{92EC5055-76E8-484D-8E09-6292FDA083A1}.Debug|Any CPU.Build.0 = Debug|Any CPU
		{92EC5055-76E8-484D-8E09-6292FDA083A1}.Release|Any CPU.ActiveCfg = Release|Any CPU
		{92EC5055-76E8-484D-8E09-6292FDA083A1}.Release|Any CPU.Build.0 = Release|Any CPU
	EndGlobalSection
	GlobalSection(SolutionProperties) = preSolution
		HideSolutionNode = FALSE
	EndGlobalSection
	GlobalSection(ExtensibilityGlobals) = postSolution
		SolutionGuid = {14E82FFD-CC11-40ED-8381-80A0A8F3871B}
	EndGlobalSection
EndGlobal
