
Microsoft Visual Studio Solution File, Format Version 12.00
# Visual Studio Version 17
VisualStudioVersion = 17.4.32912.340
MinimumVisualStudioVersion = 10.0.40219.1
Project("{9A19103F-16F7-4668-BE54-9A1E7A4F7556}") = "ResolutionOverride", "ResolutionOverride\ResolutionOverride.csproj", "{8B3CF1C3-26E8-4CB6-B0EF-64D6C3E85FDD}"
EndProject
Project("{9A19103F-16F7-4668-BE54-9A1E7A4F7556}") = "SaveAnywhere", "SaveAnywhere\SaveAnywhere.csproj", "{09076C33-55AB-4C6C-84A9-AAE989DA993E}"
EndProject
Project("{9A19103F-16F7-4668-BE54-9A1E7A4F7556}") = "AnAlchemicalCollection", "AnAlchemicalCollection\AnAlchemicalCollection.csproj", "{72CEE1D5-78F0-4883-A674-06E3BFCB71A6}"
EndProject
Global
	GlobalSection(SolutionConfigurationPlatforms) = preSolution
		Debug|Any CPU = Debug|Any CPU
		Release|Any CPU = Release|Any CPU
	EndGlobalSection
	GlobalSection(ProjectConfigurationPlatforms) = postSolution
		{8B3CF1C3-26E8-4CB6-B0EF-64D6C3E85FDD}.Debug|Any CPU.ActiveCfg = Debug|Any CPU
		{8B3CF1C3-26E8-4CB6-B0EF-64D6C3E85FDD}.Debug|Any CPU.Build.0 = Debug|Any CPU
		{8B3CF1C3-26E8-4CB6-B0EF-64D6C3E85FDD}.Release|Any CPU.ActiveCfg = Release|Any CPU
		{8B3CF1C3-26E8-4CB6-B0EF-64D6C3E85FDD}.Release|Any CPU.Build.0 = Release|Any CPU
		{09076C33-55AB-4C6C-84A9-AAE989DA993E}.Debug|Any CPU.ActiveCfg = Debug|Any CPU
		{09076C33-55AB-4C6C-84A9-AAE989DA993E}.Debug|Any CPU.Build.0 = Debug|Any CPU
		{09076C33-55AB-4C6C-84A9-AAE989DA993E}.Release|Any CPU.ActiveCfg = Release|Any CPU
		{09076C33-55AB-4C6C-84A9-AAE989DA993E}.Release|Any CPU.Build.0 = Release|Any CPU
		{72CEE1D5-78F0-4883-A674-06E3BFCB71A6}.Debug|Any CPU.ActiveCfg = Debug|Any CPU
		{72CEE1D5-78F0-4883-A674-06E3BFCB71A6}.Debug|Any CPU.Build.0 = Debug|Any CPU
		{72CEE1D5-78F0-4883-A674-06E3BFCB71A6}.Release|Any CPU.ActiveCfg = Release|Any CPU
		{72CEE1D5-78F0-4883-A674-06E3BFCB71A6}.Release|Any CPU.Build.0 = Release|Any CPU
	EndGlobalSection
	GlobalSection(SolutionProperties) = preSolution
		HideSolutionNode = FALSE
	EndGlobalSection
	GlobalSection(ExtensibilityGlobals) = postSolution
		SolutionGuid = {FC6CAEC7-25C8-45D3-A4E8-AD6F2062AA2A}
	EndGlobalSection
EndGlobal
