
Microsoft Visual Studio Solution File, Format Version 12.00
# Visual Studio Version 17
VisualStudioVersion = 17.3.32611.2
MinimumVisualStudioVersion = 10.0.40219.1
Project("{FAE04EC0-301F-11D3-BF4B-00C04F79EFBC}") = "AlchemyResearch", "AlchemyResearch\AlchemyResearch.csproj", "{8908D03F-BDBE-4353-AF01-1EA89BB847D8}"
EndProject
Project("{FAE04EC0-301F-11D3-BF4B-00C04F79EFBC}") = "AlwaysShowExperienceBar", "AlwaysShowExperienceBar\AlwaysShowExperienceBar.csproj", "{382687B3-85DA-4DCE-9B91-E01CAE2339BF}"
EndProject
Project("{FAE04EC0-301F-11D3-BF4B-00C04F79EFBC}") = "GKInflationMod", "GKInflationMod\GKInflationMod.csproj", "{A560CBE8-05C1-4AE9-83D8-4FBE8EB89CEF}"
EndProject
Project("{FAE04EC0-301F-11D3-BF4B-00C04F79EFBC}") = "GKInflationModReverse", "GKInflationModReverse\GKInflationModReverse.csproj", "{C92B592F-0540-4FBA-8145-F29A1CADC577}"
EndProject
Project("{FAE04EC0-301F-11D3-BF4B-00C04F79EFBC}") = "InfiniteEnergy", "InfiniteEnergy\InfiniteEnergy.csproj", "{92A170AC-20FC-4C39-B32F-08D672B006B5}"
EndProject
Project("{FAE04EC0-301F-11D3-BF4B-00C04F79EFBC}") = "InfiniteEnergyRedux", "InfiniteEnergyRedux\InfiniteEnergyRedux.csproj", "{0E93793C-5A04-4E1E-8EDC-E72F903C23D0}"
EndProject
Project("{FAE04EC0-301F-11D3-BF4B-00C04F79EFBC}") = "LifeEnergy_Regen", "LifeEnergy_Regen\LifeEnergy_Regen.csproj", "{8D001987-DD83-4496-B22C-457AE6CBE67A}"
EndProject
Project("{FAE04EC0-301F-11D3-BF4B-00C04F79EFBC}") = "MaxButton", "MaxButton\MaxButton.csproj", "{91DBECEE-D23C-4375-9111-1A0BDB47CD2B}"
EndProject
Project("{2150E333-8FDC-42A3-9474-1A3956D46DE8}") = "Libs", "Libs", "{75237825-95A1-4B41-977C-4D858FC5EEE0}"
	ProjectSection(SolutionItems) = preProject
		libs\0Harmony.dll = libs\0Harmony.dll
		libs\0Harmony.xml = libs\0Harmony.xml
		libs\Assembly-CSharp-firstpass.dll = libs\Assembly-CSharp-firstpass.dll
		libs\Assembly-CSharp.dll = libs\Assembly-CSharp.dll
		libs\Newtonsoft.Json.dll = libs\Newtonsoft.Json.dll
	EndProjectSection
EndProject
Global
	GlobalSection(SolutionConfigurationPlatforms) = preSolution
		Debug|Any CPU = Debug|Any CPU
		Release|Any CPU = Release|Any CPU
	EndGlobalSection
	GlobalSection(ProjectConfigurationPlatforms) = postSolution
		{8908D03F-BDBE-4353-AF01-1EA89BB847D8}.Debug|Any CPU.ActiveCfg = Debug|Any CPU
		{8908D03F-BDBE-4353-AF01-1EA89BB847D8}.Debug|Any CPU.Build.0 = Debug|Any CPU
		{8908D03F-BDBE-4353-AF01-1EA89BB847D8}.Release|Any CPU.ActiveCfg = Release|Any CPU
		{8908D03F-BDBE-4353-AF01-1EA89BB847D8}.Release|Any CPU.Build.0 = Release|Any CPU
		{382687B3-85DA-4DCE-9B91-E01CAE2339BF}.Debug|Any CPU.ActiveCfg = Debug|Any CPU
		{382687B3-85DA-4DCE-9B91-E01CAE2339BF}.Debug|Any CPU.Build.0 = Debug|Any CPU
		{382687B3-85DA-4DCE-9B91-E01CAE2339BF}.Release|Any CPU.ActiveCfg = Release|Any CPU
		{382687B3-85DA-4DCE-9B91-E01CAE2339BF}.Release|Any CPU.Build.0 = Release|Any CPU
		{A560CBE8-05C1-4AE9-83D8-4FBE8EB89CEF}.Debug|Any CPU.ActiveCfg = Debug|Any CPU
		{A560CBE8-05C1-4AE9-83D8-4FBE8EB89CEF}.Debug|Any CPU.Build.0 = Debug|Any CPU
		{A560CBE8-05C1-4AE9-83D8-4FBE8EB89CEF}.Release|Any CPU.ActiveCfg = Release|Any CPU
		{A560CBE8-05C1-4AE9-83D8-4FBE8EB89CEF}.Release|Any CPU.Build.0 = Release|Any CPU
		{C92B592F-0540-4FBA-8145-F29A1CADC577}.Debug|Any CPU.ActiveCfg = Debug|Any CPU
		{C92B592F-0540-4FBA-8145-F29A1CADC577}.Debug|Any CPU.Build.0 = Debug|Any CPU
		{C92B592F-0540-4FBA-8145-F29A1CADC577}.Release|Any CPU.ActiveCfg = Release|Any CPU
		{C92B592F-0540-4FBA-8145-F29A1CADC577}.Release|Any CPU.Build.0 = Release|Any CPU
		{92A170AC-20FC-4C39-B32F-08D672B006B5}.Debug|Any CPU.ActiveCfg = Debug|Any CPU
		{92A170AC-20FC-4C39-B32F-08D672B006B5}.Debug|Any CPU.Build.0 = Debug|Any CPU
		{92A170AC-20FC-4C39-B32F-08D672B006B5}.Release|Any CPU.ActiveCfg = Release|Any CPU
		{92A170AC-20FC-4C39-B32F-08D672B006B5}.Release|Any CPU.Build.0 = Release|Any CPU
		{0E93793C-5A04-4E1E-8EDC-E72F903C23D0}.Debug|Any CPU.ActiveCfg = Debug|Any CPU
		{0E93793C-5A04-4E1E-8EDC-E72F903C23D0}.Debug|Any CPU.Build.0 = Debug|Any CPU
		{0E93793C-5A04-4E1E-8EDC-E72F903C23D0}.Release|Any CPU.ActiveCfg = Release|Any CPU
		{0E93793C-5A04-4E1E-8EDC-E72F903C23D0}.Release|Any CPU.Build.0 = Release|Any CPU
		{8D001987-DD83-4496-B22C-457AE6CBE67A}.Debug|Any CPU.ActiveCfg = Debug|Any CPU
		{8D001987-DD83-4496-B22C-457AE6CBE67A}.Debug|Any CPU.Build.0 = Debug|Any CPU
		{8D001987-DD83-4496-B22C-457AE6CBE67A}.Release|Any CPU.ActiveCfg = Release|Any CPU
		{8D001987-DD83-4496-B22C-457AE6CBE67A}.Release|Any CPU.Build.0 = Release|Any CPU
		{91DBECEE-D23C-4375-9111-1A0BDB47CD2B}.Debug|Any CPU.ActiveCfg = Debug|Any CPU
		{91DBECEE-D23C-4375-9111-1A0BDB47CD2B}.Debug|Any CPU.Build.0 = Debug|Any CPU
		{91DBECEE-D23C-4375-9111-1A0BDB47CD2B}.Release|Any CPU.ActiveCfg = Release|Any CPU
		{91DBECEE-D23C-4375-9111-1A0BDB47CD2B}.Release|Any CPU.Build.0 = Release|Any CPU
	EndGlobalSection
	GlobalSection(SolutionProperties) = preSolution
		HideSolutionNode = FALSE
	EndGlobalSection
	GlobalSection(ExtensibilityGlobals) = postSolution
		SolutionGuid = {D3121294-75D5-487C-8CC5-F7476384281F}
	EndGlobalSection
EndGlobal
