
Microsoft Visual Studio Solution File, Format Version 12.00
# Visual Studio 2015
Project("{FAE04EC0-301F-11D3-BF4B-00C04F79EFBC}") = "LifeEnergy_Regen", "LifeEnergy_Regen.csproj", "{8D001987-DD83-4496-B22C-457AE6CBE67A}"
EndProject
Global
	GlobalSection(SolutionConfigurationPlatforms) = preSolution
		Debug|Any CPU = Debug|Any CPU
		Release|Any CPU = Release|Any CPU
	EndGlobalSection
	GlobalSection(ProjectConfigurationPlatforms) = postSolution
		{8D001987-DD83-4496-B22C-457AE6CBE67A}.Debug|Any CPU.ActiveCfg = Debug|Any CPU
		{8D001987-DD83-4496-B22C-457AE6CBE67A}.Debug|Any CPU.Build.0 = Debug|Any CPU
		{8D001987-DD83-4496-B22C-457AE6CBE67A}.Release|Any CPU.ActiveCfg = Release|Any CPU
		{8D001987-DD83-4496-B22C-457AE6CBE67A}.Release|Any CPU.Build.0 = Release|Any CPU
	EndGlobalSection
	GlobalSection(SolutionProperties) = preSolution
		HideSolutionNode = FALSE
	EndGlobalSection
EndGlobal
