
Microsoft Visual Studio Solution File, Format Version 12.00
# Visual Studio Version 17
VisualStudioVersion = 17.1.32421.90
MinimumVisualStudioVersion = 10.0.40219.1
Project("{FAE04EC0-301F-11D3-BF4B-00C04F79EFBC}") = "QModReloadedGUI", "QModReloadedGUI\QModReloadedGUI.csproj", "{50A53D3C-A80E-421C-9A2A-43CBEACEDEC6}"
EndProject
Project("{9A19103F-16F7-4668-BE54-9A1E7A4F7556}") = "QModReloaded", "QModReloaded\QModReloaded.csproj", "{53FC79B8-326D-42DC-B8ED-73D60DCD153C}"
EndProject
Global
	GlobalSection(SolutionConfigurationPlatforms) = preSolution
		Debug GOG|Any CPU = Debug GOG|Any CPU
		Debug GOG|ARM = Debug GOG|ARM
		Debug GOG|ARM64 = Debug GOG|ARM64
		Debug GOG|x64 = Debug GOG|x64
		Debug GOG|x86 = Debug GOG|x86
		Debug|Any CPU = Debug|Any CPU
		Debug|ARM = Debug|ARM
		Debug|ARM64 = Debug|ARM64
		Debug|x64 = Debug|x64
		Debug|x86 = Debug|x86
		Release|Any CPU = Release|Any CPU
		Release|ARM = Release|ARM
		Release|ARM64 = Release|ARM64
		Release|x64 = Release|x64
		Release|x86 = Release|x86
	EndGlobalSection
	GlobalSection(ProjectConfigurationPlatforms) = postSolution
		{50A53D3C-A80E-421C-9A2A-43CBEACEDEC6}.Debug GOG|Any CPU.ActiveCfg = Debug NonGYK|Any CPU
		{50A53D3C-A80E-421C-9A2A-43CBEACEDEC6}.Debug GOG|Any CPU.Build.0 = Debug NonGYK|Any CPU
		{50A53D3C-A80E-421C-9A2A-43CBEACEDEC6}.Debug GOG|ARM.ActiveCfg = Debug NonGYK|Any CPU
		{50A53D3C-A80E-421C-9A2A-43CBEACEDEC6}.Debug GOG|ARM.Build.0 = Debug NonGYK|Any CPU
		{50A53D3C-A80E-421C-9A2A-43CBEACEDEC6}.Debug GOG|ARM64.ActiveCfg = Debug NonGYK|Any CPU
		{50A53D3C-A80E-421C-9A2A-43CBEACEDEC6}.Debug GOG|ARM64.Build.0 = Debug NonGYK|Any CPU
		{50A53D3C-A80E-421C-9A2A-43CBEACEDEC6}.Debug GOG|x64.ActiveCfg = Debug NonGYK|Any CPU
		{50A53D3C-A80E-421C-9A2A-43CBEACEDEC6}.Debug GOG|x64.Build.0 = Debug NonGYK|Any CPU
		{50A53D3C-A80E-421C-9A2A-43CBEACEDEC6}.Debug GOG|x86.ActiveCfg = Debug NonGYK|Any CPU
		{50A53D3C-A80E-421C-9A2A-43CBEACEDEC6}.Debug GOG|x86.Build.0 = Debug NonGYK|Any CPU
		{50A53D3C-A80E-421C-9A2A-43CBEACEDEC6}.Debug|Any CPU.ActiveCfg = Debug|Any CPU
		{50A53D3C-A80E-421C-9A2A-43CBEACEDEC6}.Debug|Any CPU.Build.0 = Debug|Any CPU
		{50A53D3C-A80E-421C-9A2A-43CBEACEDEC6}.Debug|ARM.ActiveCfg = Debug|Any CPU
		{50A53D3C-A80E-421C-9A2A-43CBEACEDEC6}.Debug|ARM.Build.0 = Debug|Any CPU
		{50A53D3C-A80E-421C-9A2A-43CBEACEDEC6}.Debug|ARM64.ActiveCfg = Debug|Any CPU
		{50A53D3C-A80E-421C-9A2A-43CBEACEDEC6}.Debug|ARM64.Build.0 = Debug|Any CPU
		{50A53D3C-A80E-421C-9A2A-43CBEACEDEC6}.Debug|x64.ActiveCfg = Debug|Any CPU
		{50A53D3C-A80E-421C-9A2A-43CBEACEDEC6}.Debug|x64.Build.0 = Debug|Any CPU
		{50A53D3C-A80E-421C-9A2A-43CBEACEDEC6}.Debug|x86.ActiveCfg = Debug|Any CPU
		{50A53D3C-A80E-421C-9A2A-43CBEACEDEC6}.Debug|x86.Build.0 = Debug|Any CPU
		{50A53D3C-A80E-421C-9A2A-43CBEACEDEC6}.Release|Any CPU.ActiveCfg = Standalone|Any CPU
		{50A53D3C-A80E-421C-9A2A-43CBEACEDEC6}.Release|Any CPU.Build.0 = Standalone|Any CPU
		{50A53D3C-A80E-421C-9A2A-43CBEACEDEC6}.Release|ARM.ActiveCfg = Standalone|Any CPU
		{50A53D3C-A80E-421C-9A2A-43CBEACEDEC6}.Release|ARM.Build.0 = Standalone|Any CPU
		{50A53D3C-A80E-421C-9A2A-43CBEACEDEC6}.Release|ARM64.ActiveCfg = Standalone|Any CPU
		{50A53D3C-A80E-421C-9A2A-43CBEACEDEC6}.Release|ARM64.Build.0 = Standalone|Any CPU
		{50A53D3C-A80E-421C-9A2A-43CBEACEDEC6}.Release|x64.ActiveCfg = Standalone|Any CPU
		{50A53D3C-A80E-421C-9A2A-43CBEACEDEC6}.Release|x64.Build.0 = Standalone|Any CPU
		{50A53D3C-A80E-421C-9A2A-43CBEACEDEC6}.Release|x86.ActiveCfg = Standalone|Any CPU
		{50A53D3C-A80E-421C-9A2A-43CBEACEDEC6}.Release|x86.Build.0 = Standalone|Any CPU
		{53FC79B8-326D-42DC-B8ED-73D60DCD153C}.Debug GOG|Any CPU.ActiveCfg = Debug NonGYK|Any CPU
		{53FC79B8-326D-42DC-B8ED-73D60DCD153C}.Debug GOG|Any CPU.Build.0 = Debug NonGYK|Any CPU
		{53FC79B8-326D-42DC-B8ED-73D60DCD153C}.Debug GOG|ARM.ActiveCfg = Debug NonGYK|Any CPU
		{53FC79B8-326D-42DC-B8ED-73D60DCD153C}.Debug GOG|ARM.Build.0 = Debug NonGYK|Any CPU
		{53FC79B8-326D-42DC-B8ED-73D60DCD153C}.Debug GOG|ARM64.ActiveCfg = Debug NonGYK|Any CPU
		{53FC79B8-326D-42DC-B8ED-73D60DCD153C}.Debug GOG|ARM64.Build.0 = Debug NonGYK|Any CPU
		{53FC79B8-326D-42DC-B8ED-73D60DCD153C}.Debug GOG|x64.ActiveCfg = Debug NonGYK|Any CPU
		{53FC79B8-326D-42DC-B8ED-73D60DCD153C}.Debug GOG|x64.Build.0 = Debug NonGYK|Any CPU
		{53FC79B8-326D-42DC-B8ED-73D60DCD153C}.Debug GOG|x86.ActiveCfg = Debug NonGYK|Any CPU
		{53FC79B8-326D-42DC-B8ED-73D60DCD153C}.Debug GOG|x86.Build.0 = Debug NonGYK|Any CPU
		{53FC79B8-326D-42DC-B8ED-73D60DCD153C}.Debug|Any CPU.ActiveCfg = Debug|Any CPU
		{53FC79B8-326D-42DC-B8ED-73D60DCD153C}.Debug|Any CPU.Build.0 = Debug|Any CPU
		{53FC79B8-326D-42DC-B8ED-73D60DCD153C}.Debug|ARM.ActiveCfg = Debug|Any CPU
		{53FC79B8-326D-42DC-B8ED-73D60DCD153C}.Debug|ARM.Build.0 = Debug|Any CPU
		{53FC79B8-326D-42DC-B8ED-73D60DCD153C}.Debug|ARM64.ActiveCfg = Debug|Any CPU
		{53FC79B8-326D-42DC-B8ED-73D60DCD153C}.Debug|ARM64.Build.0 = Debug|Any CPU
		{53FC79B8-326D-42DC-B8ED-73D60DCD153C}.Debug|x64.ActiveCfg = Debug|Any CPU
		{53FC79B8-326D-42DC-B8ED-73D60DCD153C}.Debug|x64.Build.0 = Debug|Any CPU
		{53FC79B8-326D-42DC-B8ED-73D60DCD153C}.Debug|x86.ActiveCfg = Debug|Any CPU
		{53FC79B8-326D-42DC-B8ED-73D60DCD153C}.Debug|x86.Build.0 = Debug|Any CPU
		{53FC79B8-326D-42DC-B8ED-73D60DCD153C}.Release|Any CPU.ActiveCfg = Standalone|Any CPU
		{53FC79B8-326D-42DC-B8ED-73D60DCD153C}.Release|Any CPU.Build.0 = Standalone|Any CPU
		{53FC79B8-326D-42DC-B8ED-73D60DCD153C}.Release|ARM.ActiveCfg = Standalone|Any CPU
		{53FC79B8-326D-42DC-B8ED-73D60DCD153C}.Release|ARM.Build.0 = Standalone|Any CPU
		{53FC79B8-326D-42DC-B8ED-73D60DCD153C}.Release|ARM64.ActiveCfg = Standalone|Any CPU
		{53FC79B8-326D-42DC-B8ED-73D60DCD153C}.Release|ARM64.Build.0 = Standalone|Any CPU
		{53FC79B8-326D-42DC-B8ED-73D60DCD153C}.Release|x64.ActiveCfg = Standalone|Any CPU
		{53FC79B8-326D-42DC-B8ED-73D60DCD153C}.Release|x64.Build.0 = Standalone|Any CPU
		{53FC79B8-326D-42DC-B8ED-73D60DCD153C}.Release|x86.ActiveCfg = Standalone|Any CPU
		{53FC79B8-326D-42DC-B8ED-73D60DCD153C}.Release|x86.Build.0 = Standalone|Any CPU
	EndGlobalSection
	GlobalSection(SolutionProperties) = preSolution
		HideSolutionNode = FALSE
	EndGlobalSection
	GlobalSection(ExtensibilityGlobals) = postSolution
		SolutionGuid = {98F88C72-B7BA-4629-9849-1E3ECA806C5E}
	EndGlobalSection
EndGlobal
